// !$*UTF8*$!
{
	archiveVersion = 1;
	classes = {
	};
	objectVersion = 46;
	objects = {

/* Begin PBXBuildFile section */
		2B6E3DB31F87332300E4A9F3 /* Mozc.framework in Embed Frameworks */ = {isa = PBXBuildFile; fileRef = 2B849A031F8665610080EC7E /* Mozc.framework */; settings = {ATTRIBUTES = (CodeSignOnCopy, RemoveHeadersOnCopy, ); }; };
		2B8499EB1F8664B30080EC7E /* AppDelegate.swift in Sources */ = {isa = PBXBuildFile; fileRef = 2B8499EA1F8664B30080EC7E /* AppDelegate.swift */; };
		2B8499ED1F8664B30080EC7E /* ViewController.swift in Sources */ = {isa = PBXBuildFile; fileRef = 2B8499EC1F8664B30080EC7E /* ViewController.swift */; };
		2B8499F01F8664B30080EC7E /* Main.storyboard in Resources */ = {isa = PBXBuildFile; fileRef = 2B8499EE1F8664B30080EC7E /* Main.storyboard */; };
		2B8499F21F8664B30080EC7E /* Assets.xcassets in Resources */ = {isa = PBXBuildFile; fileRef = 2B8499F11F8664B30080EC7E /* Assets.xcassets */; };
		2B8499F51F8664B30080EC7E /* LaunchScreen.storyboard in Resources */ = {isa = PBXBuildFile; fileRef = 2B8499F31F8664B30080EC7E /* LaunchScreen.storyboard */; };
		2B849A0A1F8665710080EC7E /* Mozc.framework in Frameworks */ = {isa = PBXBuildFile; fileRef = 2B849A031F8665610080EC7E /* Mozc.framework */; };
/* End PBXBuildFile section */

/* Begin PBXContainerItemProxy section */
		2B6E3DB41F87332300E4A9F3 /* PBXContainerItemProxy */ = {
			isa = PBXContainerItemProxy;
			containerPortal = 2B8499FC1F8665610080EC7E /* Mozc.xcodeproj */;
			proxyType = 1;
			remoteGlobalIDString = 2B47F2AF1F84CD35004E45CD;
			remoteInfo = Mozc;
		};
		2B849A021F8665610080EC7E /* PBXContainerItemProxy */ = {
			isa = PBXContainerItemProxy;
			containerPortal = 2B8499FC1F8665610080EC7E /* Mozc.xcodeproj */;
			proxyType = 2;
			remoteGlobalIDString = 2B47F2B01F84CD35004E45CD;
			remoteInfo = Mozc;
		};
		2B849A041F8665610080EC7E /* PBXContainerItemProxy */ = {
			isa = PBXContainerItemProxy;
			containerPortal = 2B8499FC1F8665610080EC7E /* Mozc.xcodeproj */;
			proxyType = 2;
			remoteGlobalIDString = 2B84966F1F85EC610080EC7E;
			remoteInfo = GoogleMozc;
		};
		2B849A061F8665610080EC7E /* PBXContainerItemProxy */ = {
			isa = PBXContainerItemProxy;
			containerPortal = 2B8499FC1F8665610080EC7E /* Mozc.xcodeproj */;
			proxyType = 2;
			remoteGlobalIDString = 2B84969F1F860F740080EC7E;
			remoteInfo = GoogleProtobuf;
		};
		2B849A081F86656B0080EC7E /* PBXContainerItemProxy */ = {
			isa = PBXContainerItemProxy;
			containerPortal = 2B8499FC1F8665610080EC7E /* Mozc.xcodeproj */;
			proxyType = 1;
			remoteGlobalIDString = 2B47F2AF1F84CD35004E45CD;
			remoteInfo = Mozc;
		};
/* End PBXContainerItemProxy section */

/* Begin PBXCopyFilesBuildPhase section */
		2B6E3DB61F87332300E4A9F3 /* Embed Frameworks */ = {
			isa = PBXCopyFilesBuildPhase;
			buildActionMask = 2147483647;
			dstPath = "";
			dstSubfolderSpec = 10;
			files = (
				2B6E3DB31F87332300E4A9F3 /* Mozc.framework in Embed Frameworks */,
			);
			name = "Embed Frameworks";
			runOnlyForDeploymentPostprocessing = 0;
		};
/* End PBXCopyFilesBuildPhase section */

/* Begin PBXFileReference section */
		2B6E3DB71F87342C00E4A9F3 /* FrameworkUsage.md */ = {isa = PBXFileReference; lastKnownFileType = net.daringfireball.markdown; path = FrameworkUsage.md; sourceTree = "<group>"; };
		2B8499E71F8664B30080EC7E /* DemoMozciOS.app */ = {isa = PBXFileReference; explicitFileType = wrapper.application; includeInIndex = 0; path = DemoMozciOS.app; sourceTree = BUILT_PRODUCTS_DIR; };
		2B8499EA1F8664B30080EC7E /* AppDelegate.swift */ = {isa = PBXFileReference; lastKnownFileType = sourcecode.swift; path = AppDelegate.swift; sourceTree = "<group>"; };
		2B8499EC1F8664B30080EC7E /* ViewController.swift */ = {isa = PBXFileReference; lastKnownFileType = sourcecode.swift; path = ViewController.swift; sourceTree = "<group>"; };
		2B8499EF1F8664B30080EC7E /* Base */ = {isa = PBXFileReference; lastKnownFileType = file.storyboard; name = Base; path = Base.lproj/Main.storyboard; sourceTree = "<group>"; };
		2B8499F11F8664B30080EC7E /* Assets.xcassets */ = {isa = PBXFileReference; lastKnownFileType = folder.assetcatalog; path = Assets.xcassets; sourceTree = "<group>"; };
		2B8499F41F8664B30080EC7E /* Base */ = {isa = PBXFileReference; lastKnownFileType = file.storyboard; name = Base; path = Base.lproj/LaunchScreen.storyboard; sourceTree = "<group>"; };
		2B8499F61F8664B30080EC7E /* Info.plist */ = {isa = PBXFileReference; lastKnownFileType = text.plist.xml; path = Info.plist; sourceTree = "<group>"; };
		2B8499FC1F8665610080EC7E /* Mozc.xcodeproj */ = {isa = PBXFileReference; lastKnownFileType = "wrapper.pb-project"; name = Mozc.xcodeproj; path = ../Mozc/Mozc.xcodeproj; sourceTree = "<group>"; };
/* End PBXFileReference section */

/* Begin PBXFrameworksBuildPhase section */
		2B8499E41F8664B30080EC7E /* Frameworks */ = {
			isa = PBXFrameworksBuildPhase;
			buildActionMask = 2147483647;
			files = (
				2B849A0A1F8665710080EC7E /* Mozc.framework in Frameworks */,
			);
			runOnlyForDeploymentPostprocessing = 0;
		};
/* End PBXFrameworksBuildPhase section */

/* Begin PBXGroup section */
		2B8499DE1F8664B30080EC7E = {
			isa = PBXGroup;
			children = (
				2B6E3DB71F87342C00E4A9F3 /* FrameworkUsage.md */,
				2B8499FC1F8665610080EC7E /* Mozc.xcodeproj */,
				2B8499E91F8664B30080EC7E /* DemoMozciOS */,
				2B8499E81F8664B30080EC7E /* Products */,
			);
			sourceTree = "<group>";
		};
		2B8499E81F8664B30080EC7E /* Products */ = {
			isa = PBXGroup;
			children = (
				2B8499E71F8664B30080EC7E /* DemoMozciOS.app */,
			);
			name = Products;
			sourceTree = "<group>";
		};
		2B8499E91F8664B30080EC7E /* DemoMozciOS */ = {
			isa = PBXGroup;
			children = (
				2B8499EA1F8664B30080EC7E /* AppDelegate.swift */,
				2B8499EC1F8664B30080EC7E /* ViewController.swift */,
				2B8499EE1F8664B30080EC7E /* Main.storyboard */,
				2B8499F11F8664B30080EC7E /* Assets.xcassets */,
				2B8499F31F8664B30080EC7E /* LaunchScreen.storyboard */,
				2B8499F61F8664B30080EC7E /* Info.plist */,
			);
			path = DemoMozciOS;
			sourceTree = "<group>";
		};
		2B8499FD1F8665610080EC7E /* Products */ = {
			isa = PBXGroup;
			children = (
				2B849A031F8665610080EC7E /* Mozc.framework */,
				2B849A051F8665610080EC7E /* libGoogleMozc.a */,
				2B849A071F8665610080EC7E /* libGoogleProtobuf.a */,
			);
			name = Products;
			sourceTree = "<group>";
		};
/* End PBXGroup section */

/* Begin PBXNativeTarget section */
		2B8499E61F8664B30080EC7E /* DemoMozciOS */ = {
			isa = PBXNativeTarget;
			buildConfigurationList = 2B8499F91F8664B30080EC7E /* Build configuration list for PBXNativeTarget "DemoMozciOS" */;
			buildPhases = (
				2B8499E31F8664B30080EC7E /* Sources */,
				2B8499E41F8664B30080EC7E /* Frameworks */,
				2B8499E51F8664B30080EC7E /* Resources */,
				2B6E3DB61F87332300E4A9F3 /* Embed Frameworks */,
			);
			buildRules = (
			);
			dependencies = (
				2B849A091F86656B0080EC7E /* PBXTargetDependency */,
				2B6E3DB51F87332300E4A9F3 /* PBXTargetDependency */,
			);
			name = DemoMozciOS;
			productName = DemoMozciOS;
			productReference = 2B8499E71F8664B30080EC7E /* DemoMozciOS.app */;
			productType = "com.apple.product-type.application";
		};
/* End PBXNativeTarget section */

/* Begin PBXProject section */
		2B8499DF1F8664B30080EC7E /* Project object */ = {
			isa = PBXProject;
			attributes = {
				LastSwiftUpdateCheck = 0830;
				LastUpgradeCheck = 0830;
				ORGANIZATIONNAME = "GMO-Z.com RunSystem";
				TargetAttributes = {
					2B8499E61F8664B30080EC7E = {
						CreatedOnToolsVersion = 8.3.3;
						DevelopmentTeam = P82S49663G;
						ProvisioningStyle = Manual;
					};
				};
			};
			buildConfigurationList = 2B8499E21F8664B30080EC7E /* Build configuration list for PBXProject "DemoMozciOS" */;
			compatibilityVersion = "Xcode 3.2";
			developmentRegion = English;
			hasScannedForEncodings = 0;
			knownRegions = (
				en,
				Base,
			);
			mainGroup = 2B8499DE1F8664B30080EC7E;
			productRefGroup = 2B8499E81F8664B30080EC7E /* Products */;
			projectDirPath = "";
			projectReferences = (
				{
					ProductGroup = 2B8499FD1F8665610080EC7E /* Products */;
					ProjectRef = 2B8499FC1F8665610080EC7E /* Mozc.xcodeproj */;
				},
			);
			projectRoot = "";
			targets = (
				2B8499E61F8664B30080EC7E /* DemoMozciOS */,
			);
		};
/* End PBXProject section */

/* Begin PBXReferenceProxy section */
		2B849A031F8665610080EC7E /* Mozc.framework */ = {
			isa = PBXReferenceProxy;
			fileType = wrapper.framework;
			path = Mozc.framework;
			remoteRef = 2B849A021F8665610080EC7E /* PBXContainerItemProxy */;
			sourceTree = BUILT_PRODUCTS_DIR;
		};
		2B849A051F8665610080EC7E /* libGoogleMozc.a */ = {
			isa = PBXReferenceProxy;
			fileType = archive.ar;
			path = libGoogleMozc.a;
			remoteRef = 2B849A041F8665610080EC7E /* PBXContainerItemProxy */;
			sourceTree = BUILT_PRODUCTS_DIR;
		};
		2B849A071F8665610080EC7E /* libGoogleProtobuf.a */ = {
			isa = PBXReferenceProxy;
			fileType = archive.ar;
			path = libGoogleProtobuf.a;
			remoteRef = 2B849A061F8665610080EC7E /* PBXContainerItemProxy */;
			sourceTree = BUILT_PRODUCTS_DIR;
		};
/* End PBXReferenceProxy section */

/* Begin PBXResourcesBuildPhase section */
		2B8499E51F8664B30080EC7E /* Resources */ = {
			isa = PBXResourcesBuildPhase;
			buildActionMask = 2147483647;
			files = (
				2B8499F51F8664B30080EC7E /* LaunchScreen.storyboard in Resources */,
				2B8499F21F8664B30080EC7E /* Assets.xcassets in Resources */,
				2B8499F01F8664B30080EC7E /* Main.storyboard in Resources */,
			);
			runOnlyForDeploymentPostprocessing = 0;
		};
/* End PBXResourcesBuildPhase section */

/* Begin PBXSourcesBuildPhase section */
		2B8499E31F8664B30080EC7E /* Sources */ = {
			isa = PBXSourcesBuildPhase;
			buildActionMask = 2147483647;
			files = (
				2B8499ED1F8664B30080EC7E /* ViewController.swift in Sources */,
				2B8499EB1F8664B30080EC7E /* AppDelegate.swift in Sources */,
			);
			runOnlyForDeploymentPostprocessing = 0;
		};
/* End PBXSourcesBuildPhase section */

/* Begin PBXTargetDependency section */
		2B6E3DB51F87332300E4A9F3 /* PBXTargetDependency */ = {
			isa = PBXTargetDependency;
			name = Mozc;
			targetProxy = 2B6E3DB41F87332300E4A9F3 /* PBXContainerItemProxy */;
		};
		2B849A091F86656B0080EC7E /* PBXTargetDependency */ = {
			isa = PBXTargetDependency;
			name = Mozc;
			targetProxy = 2B849A081F86656B0080EC7E /* PBXContainerItemProxy */;
		};
/* End PBXTargetDependency section */

/* Begin PBXVariantGroup section */
		2B8499EE1F8664B30080EC7E /* Main.storyboard */ = {
			isa = PBXVariantGroup;
			children = (
				2B8499EF1F8664B30080EC7E /* Base */,
			);
			name = Main.storyboard;
			sourceTree = "<group>";
		};
		2B8499F31F8664B30080EC7E /* LaunchScreen.storyboard */ = {
			isa = PBXVariantGroup;
			children = (
				2B8499F41F8664B30080EC7E /* Base */,
			);
			name = LaunchScreen.storyboard;
			sourceTree = "<group>";
		};
/* End PBXVariantGroup section */

/* Begin XCBuildConfiguration section */
		2B8499F71F8664B30080EC7E /* Debug */ = {
			isa = XCBuildConfiguration;
			buildSettings = {
				ALWAYS_SEARCH_USER_PATHS = NO;
				CLANG_ANALYZER_NONNULL = YES;
				CLANG_ANALYZER_NUMBER_OBJECT_CONVERSION = YES_AGGRESSIVE;
				CLANG_CXX_LANGUAGE_STANDARD = "gnu++0x";
				CLANG_CXX_LIBRARY = "libc++";
				CLANG_ENABLE_MODULES = YES;
				CLANG_ENABLE_OBJC_ARC = YES;
				CLANG_WARN_BOOL_CONVERSION = YES;
				CLANG_WARN_CONSTANT_CONVERSION = YES;
				CLANG_WARN_DIRECT_OBJC_ISA_USAGE = YES_ERROR;
				CLANG_WARN_DOCUMENTATION_COMMENTS = YES;
				CLANG_WARN_EMPTY_BODY = YES;
				CLANG_WARN_ENUM_CONVERSION = YES;
				CLANG_WARN_INFINITE_RECURSION = YES;
				CLANG_WARN_INT_CONVERSION = YES;
				CLANG_WARN_OBJC_ROOT_CLASS = YES_ERROR;
				CLANG_WARN_SUSPICIOUS_MOVE = YES;
				CLANG_WARN_UNREACHABLE_CODE = YES;
				CLANG_WARN__DUPLICATE_METHOD_MATCH = YES;
				"CODE_SIGN_IDENTITY[sdk=iphoneos*]" = "iPhone Developer";
				COPY_PHASE_STRIP = NO;
				DEBUG_INFORMATION_FORMAT = dwarf;
				ENABLE_STRICT_OBJC_MSGSEND = YES;
				ENABLE_TESTABILITY = YES;
				GCC_C_LANGUAGE_STANDARD = gnu99;
				GCC_DYNAMIC_NO_PIC = NO;
				GCC_NO_COMMON_BLOCKS = YES;
				GCC_OPTIMIZATION_LEVEL = 0;
				GCC_PREPROCESSOR_DEFINITIONS = (
					"DEBUG=1",
					"$(inherited)",
				);
				GCC_WARN_64_TO_32_BIT_CONVERSION = YES;
				GCC_WARN_ABOUT_RETURN_TYPE = YES_ERROR;
				GCC_WARN_UNDECLARED_SELECTOR = YES;
				GCC_WARN_UNINITIALIZED_AUTOS = YES_AGGRESSIVE;
				GCC_WARN_UNUSED_FUNCTION = YES;
				GCC_WARN_UNUSED_VARIABLE = YES;
				IPHONEOS_DEPLOYMENT_TARGET = 8.0;
				MTL_ENABLE_DEBUG_INFO = YES;
				ONLY_ACTIVE_ARCH = YES;
				SDKROOT = iphoneos;
				SWIFT_ACTIVE_COMPILATION_CONDITIONS = DEBUG;
				SWIFT_OPTIMIZATION_LEVEL = "-Onone";
			};
			name = Debug;
		};
		2B8499F81F8664B30080EC7E /* Release */ = {
			isa = XCBuildConfiguration;
			buildSettings = {
				ALWAYS_SEARCH_USER_PATHS = NO;
				CLANG_ANALYZER_NONNULL = YES;
				CLANG_ANALYZER_NUMBER_OBJECT_CONVERSION = YES_AGGRESSIVE;
				CLANG_CXX_LANGUAGE_STANDARD = "gnu++0x";
				CLANG_CXX_LIBRARY = "libc++";
				CLANG_ENABLE_MODULES = YES;
				CLANG_ENABLE_OBJC_ARC = YES;
				CLANG_WARN_BOOL_CONVERSION = YES;
				CLANG_WARN_CONSTANT_CONVERSION = YES;
				CLANG_WARN_DIRECT_OBJC_ISA_USAGE = YES_ERROR;
				CLANG_WARN_DOCUMENTATION_COMMENTS = YES;
				CLANG_WARN_EMPTY_BODY = YES;
				CLANG_WARN_ENUM_CONVERSION = YES;
				CLANG_WARN_INFINITE_RECURSION = YES;
				CLANG_WARN_INT_CONVERSION = YES;
				CLANG_WARN_OBJC_ROOT_CLASS = YES_ERROR;
				CLANG_WARN_SUSPICIOUS_MOVE = YES;
				CLANG_WARN_UNREACHABLE_CODE = YES;
				CLANG_WARN__DUPLICATE_METHOD_MATCH = YES;
				"CODE_SIGN_IDENTITY[sdk=iphoneos*]" = "iPhone Developer";
				COPY_PHASE_STRIP = NO;
				DEBUG_INFORMATION_FORMAT = "dwarf-with-dsym";
				ENABLE_NS_ASSERTIONS = NO;
				ENABLE_STRICT_OBJC_MSGSEND = YES;
				GCC_C_LANGUAGE_STANDARD = gnu99;
				GCC_NO_COMMON_BLOCKS = YES;
				GCC_WARN_64_TO_32_BIT_CONVERSION = YES;
				GCC_WARN_ABOUT_RETURN_TYPE = YES_ERROR;
				GCC_WARN_UNDECLARED_SELECTOR = YES;
				GCC_WARN_UNINITIALIZED_AUTOS = YES_AGGRESSIVE;
				GCC_WARN_UNUSED_FUNCTION = YES;
				GCC_WARN_UNUSED_VARIABLE = YES;
				IPHONEOS_DEPLOYMENT_TARGET = 8.0;
				MTL_ENABLE_DEBUG_INFO = NO;
				SDKROOT = iphoneos;
				SWIFT_OPTIMIZATION_LEVEL = "-Owholemodule";
				VALIDATE_PRODUCT = YES;
			};
			name = Release;
		};
		2B8499FA1F8664B30080EC7E /* Debug */ = {
			isa = XCBuildConfiguration;
			buildSettings = {
				ASSETCATALOG_COMPILER_APPICON_NAME = AppIcon;
				CODE_SIGN_IDENTITY = "iPhone Developer: Tau Ngo Van (7D7S35JN42)";
				DEVELOPMENT_TEAM = P82S49663G;
				INFOPLIST_FILE = DemoMozciOS/Info.plist;
				LD_RUNPATH_SEARCH_PATHS = "$(inherited) @executable_path/Frameworks";
				PRODUCT_BUNDLE_IDENTIFIER = vn.gzr.DemoMozciOS;
				PRODUCT_NAME = "$(TARGET_NAME)";
				PROVISIONING_PROFILE = "82bab5f6-338d-4a33-bc3e-453072d0c6c0";
				PROVISIONING_PROFILE_SPECIFIER = "Run Enterprise In house DEV Profile";
				SWIFT_VERSION = 3.0;
				TARGETED_DEVICE_FAMILY = "1,2";
			};
			name = Debug;
		};
		2B8499FB1F8664B30080EC7E /* Release */ = {
			isa = XCBuildConfiguration;
			buildSettings = {
				ASSETCATALOG_COMPILER_APPICON_NAME = AppIcon;
				CODE_SIGN_IDENTITY = "iPhone Developer: Tau Ngo Van (7D7S35JN42)";
				DEVELOPMENT_TEAM = P82S49663G;
				INFOPLIST_FILE = DemoMozciOS/Info.plist;
				LD_RUNPATH_SEARCH_PATHS = "$(inherited) @executable_path/Frameworks";
				PRODUCT_BUNDLE_IDENTIFIER = vn.gzr.DemoMozciOS;
				PRODUCT_NAME = "$(TARGET_NAME)";
				PROVISIONING_PROFILE = "82bab5f6-338d-4a33-bc3e-453072d0c6c0";
				PROVISIONING_PROFILE_SPECIFIER = "Run Enterprise In house DEV Profile";
				SWIFT_VERSION = 3.0;
				TARGETED_DEVICE_FAMILY = "1,2";
			};
			name = Release;
		};
/* End XCBuildConfiguration section */

/* Begin XCConfigurationList section */
		2B8499E21F8664B30080EC7E /* Build configuration list for PBXProject "DemoMozciOS" */ = {
			isa = XCConfigurationList;
			buildConfigurations = (
				2B8499F71F8664B30080EC7E /* Debug */,
				2B8499F81F8664B30080EC7E /* Release */,
			);
			defaultConfigurationIsVisible = 0;
			defaultConfigurationName = Release;
		};
		2B8499F91F8664B30080EC7E /* Build configuration list for PBXNativeTarget "DemoMozciOS" */ = {
			isa = XCConfigurationList;
			buildConfigurations = (
				2B8499FA1F8664B30080EC7E /* Debug */,
				2B8499FB1F8664B30080EC7E /* Release */,
			);
			defaultConfigurationIsVisible = 0;
			defaultConfigurationName = Release;
		};
/* End XCConfigurationList section */
	};
	rootObject = 2B8499DF1F8664B30080EC7E /* Project object */;
}
